{
  "nodes": {
    "agenix": {
      "inputs": {
        "darwin": "darwin",
        "home-manager": [
          "home-manager"
        ],
        "nixpkgs": [
          "nixpkgs"
        ],
        "systems": "systems"
      },
      "locked": {
        "lastModified": 1750173260,
        "narHash": "sha256-9P1FziAwl5+3edkfFcr5HeGtQUtrSdk/MksX39GieoA=",
        "owner": "ryantm",
        "repo": "agenix",
        "rev": "531beac616433bac6f9e2a19feb8e99a22a66baf",
        "type": "github"
      },
      "original": {
        "owner": "ryantm",
        "repo": "agenix",
        "type": "github"
      }
    },
    "alejandra": {
      "inputs": {
        "fenix": "fenix",
        "flakeCompat": "flakeCompat",
        "nixpkgs": [
          "nixpkgs"
        ]
      },
      "locked": {
        "lastModified": 1730688725,
        "narHash": "sha256-g0SSfTWZ5mtMOpQic+eqq9sXMy1E/7yKxxfupZd9V4A=",
        "owner": "kamadorueda",
        "repo": "alejandra",
        "rev": "2bb91e309ca99656addff5c74545acbf5813636d",
        "type": "github"
      },
      "original": {
        "owner": "kamadorueda",
        "ref": "3.1.0",
        "repo": "alejandra",
        "type": "github"
      }
    },
    "authentik-nix": {
      "inputs": {
        "authentik-src": "authentik-src",
        "flake-compat": "flake-compat",
        "flake-parts": "flake-parts",
        "flake-utils": "flake-utils",
        "napalm": "napalm",
        "nixpkgs": [
          "nixpkgs"
        ],
        "pyproject-build-systems": "pyproject-build-systems",
        "pyproject-nix": "pyproject-nix",
        "systems": "systems_2",
        "uv2nix": "uv2nix"
      },
      "locked": {
        "lastModified": 1759322529,
        "narHash": "sha256-yiv/g/tiJI3PI95F7vhTnaf1TDsIkFLrmmFTjWfb6pQ=",
        "owner": "nix-community",
        "repo": "authentik-nix",
        "rev": "69fac057b2e553ee17c9a09b822d735823d65a6c",
        "type": "github"
      },
      "original": {
        "owner": "nix-community",
        "repo": "authentik-nix",
        "rev": "69fac057b2e553ee17c9a09b822d735823d65a6c",
        "type": "github"
      }
    },
    "authentik-src": {
      "flake": false,
      "locked": {
        "lastModified": 1759190535,
        "narHash": "sha256-pIzDaoDWc58cY/XhsyweCwc4dfRvkaT/zqsV1gDSnCI=",
        "owner": "goauthentik",
        "repo": "authentik",
        "rev": "8d3a289d12c7de2f244c76493af7880f70d08af2",
        "type": "github"
      },
      "original": {
        "owner": "goauthentik",
        "ref": "version/2025.8.4",
        "repo": "authentik",
        "type": "github"
      }
    },
    "colmena": {
      "inputs": {
        "flake-compat": "flake-compat_2",
        "flake-utils": "flake-utils_2",
        "nixpkgs": [
          "nixpkgs"
        ],
        "stable": "stable"
      },
      "locked": {
        "lastModified": 1684127108,
        "narHash": "sha256-01bfuSY4gnshhtqA1EJCw2CMsKkAx+dHS+sEpQ2+EAQ=",
        "owner": "zhaofengli",
        "repo": "colmena",
        "rev": "5fdd743a11e7291bd8ac1e169d62ba6156c99be4",
        "type": "github"
      },
      "original": {
        "owner": "zhaofengli",
        "repo": "colmena",
        "rev": "5fdd743a11e7291bd8ac1e169d62ba6156c99be4",
        "type": "github"
      }
    },
    "darwin": {
      "inputs": {
        "nixpkgs": [
          "agenix",
          "nixpkgs"
        ]
      },
      "locked": {
        "lastModified": 1744478979,
        "narHash": "sha256-dyN+teG9G82G+m+PX/aSAagkC+vUv0SgUw3XkPhQodQ=",
        "owner": "lnl7",
        "repo": "nix-darwin",
        "rev": "43975d782b418ebf4969e9ccba82466728c2851b",
        "type": "github"
      },
      "original": {
        "owner": "lnl7",
        "ref": "master",
        "repo": "nix-darwin",
        "type": "github"
      }
    },
    "disko": {
      "inputs": {
        "nixpkgs": [
          "nixpkgs"
        ]
      },
      "locked": {
        "lastModified": 1752113600,
        "narHash": "sha256-7LYDxKxZgBQ8LZUuolAQ8UkIB+jb4A2UmiR+kzY9CLI=",
        "owner": "nix-community",
        "repo": "disko",
        "rev": "79264292b7e3482e5702932949de9cbb69fedf6d",
        "type": "github"
      },
      "original": {
        "owner": "nix-community",
        "repo": "disko",
        "type": "github"
      }
    },
    "dragon-bot": {
      "locked": {
        "lastModified": 1730945061,
        "narHash": "sha256-x0yUElOlzrpAojmKMtUOnEOIutEWbcWfoSROMFZ9b2M=",
        "owner": "tgstation",
        "repo": "dragon-bot",
        "rev": "1d07b9e30ca5fac0a536e1ec7e06478ee6f0a983",
        "type": "github"
      },
      "original": {
        "owner": "tgstation",
        "repo": "dragon-bot",
        "type": "github"
      }
    },
    "fenix": {
      "inputs": {
        "nixpkgs": [
          "alejandra",
          "nixpkgs"
        ],
        "rust-analyzer-src": "rust-analyzer-src"
      },
      "locked": {
        "lastModified": 1730615655,
        "narHash": "sha256-2HBR3zLn57LXKNRtxBb+O+uDqHM4n0pz51rPayMl4cg=",
        "owner": "nix-community",
        "repo": "fenix",
        "rev": "efeb50e2535b17ffd4a135e6e3e5fd60a525180c",
        "type": "github"
      },
      "original": {
        "owner": "nix-community",
        "repo": "fenix",
        "type": "github"
      }
    },
    "fenix_2": {
      "inputs": {
        "nixpkgs": [
          "nixpkgs"
        ],
        "rust-analyzer-src": "rust-analyzer-src_2"
      },
      "locked": {
        "lastModified": 1747291057,
        "narHash": "sha256-9Wir6aLJAeJKqdoQUiwfKdBn7SyNXTJGRSscRyVOo2Y=",
        "owner": "nix-community",
        "repo": "fenix",
        "rev": "76ffc1b7b3ec8078fe01794628b6abff35cbda8f",
        "type": "github"
      },
      "original": {
        "owner": "nix-community",
        "repo": "fenix",
        "rev": "76ffc1b7b3ec8078fe01794628b6abff35cbda8f",
        "type": "github"
      }
    },
    "flake-compat": {
      "flake": false,
      "locked": {
        "lastModified": 1747046372,
        "narHash": "sha256-CIVLLkVgvHYbgI2UpXvIIBJ12HWgX+fjA8Xf8PUmqCY=",
        "owner": "edolstra",
        "repo": "flake-compat",
        "rev": "9100a0f413b0c601e0533d1d94ffd501ce2e7885",
        "type": "github"
      },
      "original": {
        "owner": "edolstra",
        "repo": "flake-compat",
        "type": "github"
      }
    },
    "flake-compat_2": {
      "flake": false,
      "locked": {
        "lastModified": 1650374568,
        "narHash": "sha256-Z+s0J8/r907g149rllvwhb4pKi8Wam5ij0st8PwAh+E=",
        "owner": "edolstra",
        "repo": "flake-compat",
        "rev": "b4a34015c698c7793d592d66adbab377907a2be8",
        "type": "github"
      },
      "original": {
        "owner": "edolstra",
        "repo": "flake-compat",
        "type": "github"
      }
    },
    "flake-parts": {
      "inputs": {
        "nixpkgs-lib": "nixpkgs-lib"
      },
      "locked": {
        "lastModified": 1756770412,
        "narHash": "sha256-+uWLQZccFHwqpGqr2Yt5VsW/PbeJVTn9Dk6SHWhNRPw=",
        "owner": "hercules-ci",
        "repo": "flake-parts",
        "rev": "4524271976b625a4a605beefd893f270620fd751",
        "type": "github"
      },
      "original": {
        "owner": "hercules-ci",
        "repo": "flake-parts",
        "type": "github"
      }
    },
    "flake-utils": {
      "inputs": {
        "systems": [
          "authentik-nix",
          "systems"
        ]
      },
      "locked": {
        "lastModified": 1731533236,
        "narHash": "sha256-l0KFg5HjrsfsO/JpG+r7fRrqm12kzFHyUHqHCVpMMbI=",
        "owner": "numtide",
        "repo": "flake-utils",
        "rev": "11707dc2f618dd54ca8739b309ec4fc024de578b",
        "type": "github"
      },
      "original": {
        "owner": "numtide",
        "repo": "flake-utils",
        "type": "github"
      }
    },
    "flake-utils_2": {
      "locked": {
        "lastModified": 1659877975,
        "narHash": "sha256-zllb8aq3YO3h8B/U0/J1WBgAL8EX5yWf5pMj3G0NAmc=",
        "owner": "numtide",
        "repo": "flake-utils",
        "rev": "c0e246b9b83f637f4681389ecabcb2681b4f3af0",
        "type": "github"
      },
      "original": {
        "owner": "numtide",
        "repo": "flake-utils",
        "type": "github"
      }
    },
    "flakeCompat": {
      "flake": false,
      "locked": {
        "lastModified": 1696426674,
        "narHash": "sha256-kvjfFW7WAETZlt09AgDn1MrtKzP7t90Vf7vypd3OL1U=",
        "owner": "edolstra",
        "repo": "flake-compat",
        "rev": "0f9255e01c2351cc7d116c072cb317785dd33b33",
        "type": "github"
      },
      "original": {
        "owner": "edolstra",
        "repo": "flake-compat",
        "type": "github"
      }
    },
    "home-manager": {
      "inputs": {
        "nixpkgs": [
          "nixpkgs"
        ]
      },
      "locked": {
        "lastModified": 1752286566,
        "narHash": "sha256-A4nftqiNz2bNihz0bKY94Hq/6ydR6UQOcGioeL7iymY=",
        "owner": "nix-community",
        "repo": "home-manager",
        "rev": "392ddb642abec771d63688c49fa7bcbb9d2a5717",
        "type": "github"
      },
      "original": {
        "owner": "nix-community",
        "repo": "home-manager",
        "type": "github"
      }
    },
    "impermanence": {
      "locked": {
        "lastModified": 1728334393,
        "narHash": "sha256-bINxHw0Z8oVRf9W6t1neJvNp9A5KP5Z1kgbtMKJJ1RU=",
        "owner": "scriptis",
        "repo": "impermanence",
        "rev": "3d55c2bf99bb9b2dcda477f92c8e87639abdac9c",
        "type": "github"
      },
      "original": {
        "owner": "scriptis",
        "repo": "impermanence",
        "type": "github"
      }
    },
    "napalm": {
      "inputs": {
        "flake-utils": [
          "authentik-nix",
          "flake-utils"
        ],
        "nixpkgs": [
          "authentik-nix",
          "nixpkgs"
        ]
      },
      "locked": {
        "lastModified": 1725806412,
        "narHash": "sha256-lGZjkjds0p924QEhm/r0BhAxbHBJE1xMOldB/HmQH04=",
        "owner": "willibutz",
        "repo": "napalm",
        "rev": "b492440d9e64ae20736d3bec5c7715ffcbde83f5",
        "type": "github"
      },
      "original": {
        "owner": "willibutz",
        "ref": "avoid-foldl-stack-overflow",
        "repo": "napalm",
        "type": "github"
      }
    },
    "nixos-hardware": {
      "locked": {
        "lastModified": 1752048960,
        "narHash": "sha256-gATnkOe37eeVwKKYCsL+OnS2gU4MmLuZFzzWCtaKLI8=",
        "owner": "NixOS",
        "repo": "nixos-hardware",
        "rev": "7ced9122cff2163c6a0212b8d1ec8c33a1660806",
        "type": "github"
      },
      "original": {
        "owner": "NixOS",
        "ref": "master",
        "repo": "nixos-hardware",
        "type": "github"
      }
    },
    "nixpkgs": {
      "locked": {
        "lastModified": 1751984180,
        "narHash": "sha256-LwWRsENAZJKUdD3SpLluwDmdXY9F45ZEgCb0X+xgOL0=",
        "owner": "nixos",
        "repo": "nixpkgs",
        "rev": "9807714d6944a957c2e036f84b0ff8caf9930bc0",
        "type": "github"
      },
      "original": {
        "owner": "nixos",
        "ref": "nixos-unstable",
        "repo": "nixpkgs",
        "type": "github"
      }
    },
    "nixpkgs-lib": {
      "locked": {
        "lastModified": 1754788789,
        "narHash": "sha256-x2rJ+Ovzq0sCMpgfgGaaqgBSwY+LST+WbZ6TytnT9Rk=",
        "owner": "nix-community",
        "repo": "nixpkgs.lib",
        "rev": "a73b9c743612e4244d865a2fdee11865283c04e6",
        "type": "github"
      },
      "original": {
        "owner": "nix-community",
        "repo": "nixpkgs.lib",
        "type": "github"
      }
    },
    "nixpkgs-unstable": {
      "locked": {
        "lastModified": 1752298176,
        "narHash": "sha256-wY7/8k5mJbljXxBUX1bDHFVUcMrWdrDT8FNDrcPwLbA=",
        "owner": "nixos",
        "repo": "nixpkgs",
        "rev": "d3807bc34e7d086b4754e1c842505570e23f9d01",
        "type": "github"
      },
      "original": {
        "owner": "nixos",
        "ref": "nixos-unstable-small",
        "repo": "nixpkgs",
        "type": "github"
      }
    },
    "pyproject-build-systems": {
      "inputs": {
        "nixpkgs": [
          "authentik-nix",
          "nixpkgs"
        ],
        "pyproject-nix": [
          "authentik-nix",
          "pyproject-nix"
        ],
        "uv2nix": [
          "authentik-nix",
          "uv2nix"
        ]
      },
      "locked": {
        "lastModified": 1757296493,
        "narHash": "sha256-6nzSZl28IwH2Vx8YSmd3t6TREHpDbKlDPK+dq1LKIZQ=",
        "owner": "pyproject-nix",
        "repo": "build-system-pkgs",
        "rev": "5b8e37fe0077db5c1df3a5ee90a651345f085d38",
        "type": "github"
      },
      "original": {
        "owner": "pyproject-nix",
        "repo": "build-system-pkgs",
        "type": "github"
      }
    },
    "pyproject-nix": {
      "inputs": {
        "nixpkgs": [
          "authentik-nix",
          "nixpkgs"
        ]
      },
      "locked": {
        "lastModified": 1757246327,
        "narHash": "sha256-6pNlGhwOIMfhe/RLjHdpXveKS4FyLHvlGe+KtjDild4=",
        "owner": "pyproject-nix",
        "repo": "pyproject.nix",
        "rev": "8d77f342d66ad1601cdb9d97e9388b69f64d4c8e",
        "type": "github"
      },
      "original": {
        "owner": "pyproject-nix",
        "repo": "pyproject.nix",
        "type": "github"
      }
    },
    "root": {
      "inputs": {
        "agenix": "agenix",
        "alejandra": "alejandra",
        "authentik-nix": "authentik-nix",
        "colmena": "colmena",
        "disko": "disko",
        "dragon-bot": "dragon-bot",
        "fenix": "fenix_2",
        "home-manager": "home-manager",
        "impermanence": "impermanence",
        "nixos-hardware": "nixos-hardware",
        "nixpkgs": "nixpkgs",
        "nixpkgs-unstable": "nixpkgs-unstable",
        "server-info-fetcher": "server-info-fetcher",
        "tg-public-log-parser": "tg-public-log-parser",
        "tgstation-phpbb": "tgstation-phpbb",
        "tgstation-pr-announcer": "tgstation-pr-announcer",
        "tgstation-server": "tgstation-server",
        "tgstation-website": "tgstation-website"
      }
    },
    "rust-analyzer-src": {
      "flake": false,
      "locked": {
        "lastModified": 1730555913,
        "narHash": "sha256-KNHZUlqsEibg3YtfUyOFQSofP8hp1HKoY+laoesBxRM=",
        "owner": "rust-lang",
        "repo": "rust-analyzer",
        "rev": "f17a5bbfd0969ba2e63a74505a80e55ecb174ed9",
        "type": "github"
      },
      "original": {
        "owner": "rust-lang",
        "ref": "nightly",
        "repo": "rust-analyzer",
        "type": "github"
      }
    },
    "rust-analyzer-src_2": {
      "flake": false,
      "locked": {
        "lastModified": 1746889290,
        "narHash": "sha256-h3LQYZgyv2l3U7r+mcsrEOGRldaK0zJFwAAva4hV/6g=",
        "owner": "rust-lang",
        "repo": "rust-analyzer",
        "rev": "2bafe9d96c6734aacfd49e115f6cf61e7adc68bc",
        "type": "github"
      },
      "original": {
        "owner": "rust-lang",
        "ref": "nightly",
        "repo": "rust-analyzer",
        "type": "github"
      }
    },
    "server-info-fetcher": {
      "inputs": {
        "nixpkgs": [
          "nixpkgs"
        ]
      },
      "locked": {
        "lastModified": 1760224574,
        "narHash": "sha256-m0VT2ZrcZK+6lv15IGn0xPHF/PIPitKGEQQqxU5KquA=",
        "owner": "tgstation-operations",
        "repo": "server-info-fetcher",
        "rev": "8358b86b6bb715e75d424c734326f5e1b075ee18",
        "type": "github"
      },
      "original": {
        "owner": "tgstation-operations",
        "repo": "server-info-fetcher",
        "type": "github"
      }
    },
    "stable": {
      "locked": {
        "lastModified": 1669735802,
        "narHash": "sha256-qtG/o/i5ZWZLmXw108N2aPiVsxOcidpHJYNkT45ry9Q=",
        "owner": "NixOS",
        "repo": "nixpkgs",
        "rev": "731cc710aeebecbf45a258e977e8b68350549522",
        "type": "github"
      },
      "original": {
        "owner": "NixOS",
        "ref": "nixos-22.11",
        "repo": "nixpkgs",
        "type": "github"
      }
    },
    "systems": {
      "locked": {
        "lastModified": 1681028828,
        "narHash": "sha256-Vy1rq5AaRuLzOxct8nz4T6wlgyUR7zLU309k9mBC768=",
        "owner": "nix-systems",
        "repo": "default",
        "rev": "da67096a3b9bf56a91d16901293e51ba5b49a27e",
        "type": "github"
      },
      "original": {
        "owner": "nix-systems",
        "repo": "default",
        "type": "github"
      }
    },
    "systems_2": {
      "locked": {
        "lastModified": 1689347949,
        "narHash": "sha256-12tWmuL2zgBgZkdoB6qXZsgJEH9LR3oUgpaQq2RbI80=",
        "owner": "nix-systems",
        "repo": "default-linux",
        "rev": "31732fcf5e8fea42e59c2488ad31a0e651500f68",
        "type": "github"
      },
      "original": {
        "owner": "nix-systems",
        "repo": "default-linux",
        "type": "github"
      }
    },
    "tg-public-log-parser": {
      "inputs": {
        "nixpkgs": [
          "nixpkgs"
        ]
      },
      "locked": {
        "lastModified": 1759008203,
        "narHash": "sha256-5Cp0T2eMQcd8jk08CtSCF37wrTPKOR2J7WGhSnEWj4M=",
        "owner": "Mothblocks",
        "repo": "tg-public-log-parser",
        "rev": "f7a2b884b9f3c557b2c67aa5a957e25f8b749ba4",
        "type": "github"
      },
      "original": {
        "owner": "Mothblocks",
        "repo": "tg-public-log-parser",
        "type": "github"
      }
    },
    "tgstation-phpbb": {
      "inputs": {
        "nixpkgs": [
          "nixpkgs"
        ]
      },
      "locked": {
        "lastModified": 1760300336,
        "narHash": "sha256-n8YtrZXqI7MRvj74BeF5a6FmES+CkgcZF6U+a9xgfQo=",
        "owner": "tgstation-operations",
        "repo": "tgstation-phpbb",
        "rev": "3bf2cec2113249796f926ca6b44a2636e83db4fe",
        "type": "github"
      },
      "original": {
        "owner": "tgstation-operations",
        "repo": "tgstation-phpbb",
        "type": "github"
      }
    },
    "tgstation-pr-announcer": {
      "locked": {
        "dir": "tools/Tgstation.PRAnnouncer",
        "lastModified": 1749265769,
        "narHash": "sha256-9SEHbeM/N4GopoQQMNTNUexj4WBgqoNvfM3+1uLFtpg=",
        "owner": "tgstation",
        "repo": "tgstation",
        "rev": "be9ae13cd50cc2f2f6680883424b86feb3c22725",
        "type": "github"
      },
      "original": {
        "dir": "tools/Tgstation.PRAnnouncer",
        "owner": "tgstation",
        "repo": "tgstation",
        "rev": "be9ae13cd50cc2f2f6680883424b86feb3c22725",
        "type": "github"
      }
    },
    "tgstation-server": {
      "inputs": {
        "nixpkgs": [
          "nixpkgs"
        ]
      },
      "locked": {
        "dir": "build/package/nix",
        "lastModified": 1754248143,
        "narHash": "sha256-loOQInJVcKgw0eQzPQL4oy19m9hJQ2CDH7hCc5fOra4=",
        "owner": "tgstation",
        "repo": "tgstation-server",
        "rev": "c2d3af8d7bd5c5f3c7ffeb98cfe5ca6db34dd341",
        "type": "github"
      },
      "original": {
        "dir": "build/package/nix",
        "owner": "tgstation",
        "repo": "tgstation-server",
        "rev": "c2d3af8d7bd5c5f3c7ffeb98cfe5ca6db34dd341",
        "type": "github"
      }
    },
    "tgstation-website": {
      "inputs": {
        "nixpkgs": [
          "nixpkgs"
        ]
      },
      "locked": {
        "lastModified": 1760416268,
        "narHash": "sha256-tzEhtCuz9GfZ/SWOtLYQLPMpKM9VCoLHpXLtSO5B7Os=",
        "owner": "tgstation-operations",
        "repo": "website-v2",
        "rev": "49b9ea4cae89597a041d8f38a002c720bfb24977",
        "type": "github"
      },
      "original": {
        "owner": "tgstation-operations",
        "repo": "website-v2",
        "type": "github"
      }
    },
    "uv2nix": {
      "inputs": {
        "nixpkgs": [
          "authentik-nix",
          "nixpkgs"
        ],
        "pyproject-nix": [
          "authentik-nix",
          "pyproject-nix"
        ]
      },
      "locked": {
        "lastModified": 1757925761,
        "narHash": "sha256-7Hwz0vfHuFqCo5v7Q07GQgLBWuPvZCuf/5/pk4NoADg=",
        "owner": "pyproject-nix",
        "repo": "uv2nix",
        "rev": "780494c40895bb7419a73d942bee326291e80b3b",
        "type": "github"
      },
      "original": {
        "owner": "pyproject-nix",
        "repo": "uv2nix",
        "type": "github"
      }
    }
  },
  "root": "root",
  "version": 7
}
